<?xml version="1.0" encoding="UTF-8"?>
<Scheme LastUpgradeVersion="2600" version="1.7">
   <BuildAction parallelizeBuildables="YES" buildImplicitDependencies="YES">
      <BuildActionEntries>
         <BuildActionEntry buildForTesting="YES" buildForRunning="YES" buildForProfiling="YES" buildForArchiving="YES" buildForAnalyzing="YES">
            <BuildableReference BuildableIdentifier="primary" BlueprintIdentifier="A1B2C3D4E5F6000000000005" BuildableName="XiangshangYouth.app" BlueprintName="XiangshangYouth" ReferencedContainer="container:XiangshangYouth.xcodeproj"/>
         </BuildActionEntry>
         <BuildActionEntry buildForTesting="YES" buildForRunning="NO" buildForProfiling="NO" buildForArchiving="NO" buildForAnalyzing="YES">
            <BuildableReference BuildableIdentifier="primary" BlueprintIdentifier="B2C3D4E5F600000000000006" BuildableName="XiangshangYouthTests.xctest" BlueprintName="XiangshangYouthTests" ReferencedContainer="container:XiangshangYouth.xcodeproj"/>
         </BuildActionEntry>
      </BuildActionEntries>
   </BuildAction>
   <TestAction buildConfiguration="Debug" selectedDebuggerIdentifier="Xcode.DebuggerFoundation.Debugger.LLDB" selectedLauncherIdentifier="Xcode.DebuggerFoundation.Launcher.LLDB" shouldUseLaunchSchemeArgsEnv="YES">
      <Testables>
         <TestableReference skipped="NO">
            <BuildableReference BuildableIdentifier="primary" BlueprintIdentifier="B2C3D4E5F600000000000006" BuildableName="XiangshangYouthTests.xctest" BlueprintName="XiangshangYouthTests" ReferencedContainer="container:XiangshangYouth.xcodeproj"/>
         </TestableReference>
      </Testables>
   </TestAction>
   <LaunchAction buildConfiguration="Debug" selectedDebuggerIdentifier="Xcode.DebuggerFoundation.Debugger.LLDB" selectedLauncherIdentifier="Xcode.DebuggerFoundation.Launcher.LLDB" launchStyle="0" useCustomWorkingDirectory="NO" ignoresPersistentStateOnLaunch="NO" debugDocumentVersioning="YES" allowLocationSimulation="YES">
      <BuildableProductRunnable runnableDebuggingMode="0">
         <BuildableReference BuildableIdentifier="primary" BlueprintIdentifier="A1B2C3D4E5F6000000000005" BuildableName="XiangshangYouth.app" BlueprintName="XiangshangYouth" ReferencedContainer="container:XiangshangYouth.xcodeproj"/>
      </BuildableProductRunnable>
   </LaunchAction>
   <ProfileAction buildConfiguration="Release" shouldUseLaunchSchemeArgsEnv="YES" savedToolIdentifier="" useCustomWorkingDirectory="NO" debugDocumentVersioning="YES">
      <BuildableProductRunnable runnableDebuggingMode="0">
         <BuildableReference BuildableIdentifier="primary" BlueprintIdentifier="A1B2C3D4E5F6000000000005" BuildableName="XiangshangYouth.app" BlueprintName="XiangshangYouth" ReferencedContainer="container:XiangshangYouth.xcodeproj"/>
      </BuildableProductRunnable>
   </ProfileAction>
   <AnalyzeAction buildConfiguration="Debug"/>
   <ArchiveAction buildConfiguration="Release" revealArchiveInOrganizer="YES"/>
</Scheme>
