// !$*UTF8*$!
{
	archiveVersion = 1;
	classes = {
	};
	objectVersion = 77;
	objects = {

/* Begin PBXBuildFile section */
		48DDA398303B035800CE2867 /* Sentry in Frameworks */ = {isa = PBXBuildFile; productRef = F1E2D3C4B5A6978877665545 /* Sentry */; };
		B2C3D4E5F600000000000003 /* ../XiangshangYouthTests/LocalFeatureStateTests.swift in Sources */ = {isa = PBXBuildFile; fileRef = B2C3D4E5F600000000000002 /* ../XiangshangYouthTests/LocalFeatureStateTests.swift */; };
		C2C3D4E5F600000000000003 /* ../XiangshangYouthUITests/LaunchAndRoleFlowTests.swift in Sources */ = {isa = PBXBuildFile; fileRef = C2C3D4E5F600000000000002 /* ../XiangshangYouthUITests/LaunchAndRoleFlowTests.swift */; };
		D2C3D4E5F600000000000003 /* ../XiangshangYouthUITests/SplashScreenTests.swift in Sources */ = {isa = PBXBuildFile; fileRef = D2C3D4E5F600000000000002 /* ../XiangshangYouthUITests/SplashScreenTests.swift */; };
/* End PBXBuildFile section */

/* Begin PBXContainerItemProxy section */
		B2C3D4E5F600000000000004 /* PBXContainerItemProxy */ = {
			isa = PBXContainerItemProxy;
			containerPortal = A1B2C3D4E5F6000000000004 /* Project object */;
			proxyType = 1;
			remoteGlobalIDString = A1B2C3D4E5F6000000000005;
			remoteInfo = XiangshangYouth;
		};
		C2C3D4E5F600000000000004 /* PBXContainerItemProxy */ = {
			isa = PBXContainerItemProxy;
			containerPortal = A1B2C3D4E5F6000000000004 /* Project object */;
			proxyType = 1;
			remoteGlobalIDString = A1B2C3D4E5F6000000000005;
			remoteInfo = XiangshangYouth;
		};
/* End PBXContainerItemProxy section */

/* Begin PBXFileReference section */
		4815524C3021F73E00DFEF89 /* XiangshangYouth.xcodeproj */ = {isa = PBXFileReference; lastKnownFileType = "wrapper.pb-project"; path = XiangshangYouth.xcodeproj; sourceTree = "<group>"; };
		4836804B3040761F00E4A48B /* XiangshangYouth.xcodeproj */ = {isa = PBXFileReference; lastKnownFileType = "wrapper.pb-project"; path = XiangshangYouth.xcodeproj; sourceTree = "<group>"; };
		485C31A4303C561A00FCC7D1 /* XiangshangYouth.xcodeproj */ = {isa = PBXFileReference; lastKnownFileType = "wrapper.pb-project"; path = XiangshangYouth.xcodeproj; sourceTree = "<group>"; };
		485C324B303CAA8A00FCC7D1 /* XiangshangYouth.xcodeproj */ = {isa = PBXFileReference; lastKnownFileType = "wrapper.pb-project"; path = XiangshangYouth.xcodeproj; sourceTree = "<group>"; };
		485E1CB03020A9AC00AA1653 /* XiangshangYouth.xcodeproj */ = {isa = PBXFileReference; lastKnownFileType = "wrapper.pb-project"; path = XiangshangYouth.xcodeproj; sourceTree = "<group>"; };
		48923D603036C53C005EC78E /* XiangshangYouth.xcodeproj */ = {isa = PBXFileReference; lastKnownFileType = "wrapper.pb-project"; path = XiangshangYouth.xcodeproj; sourceTree = "<group>"; };
		48DDA3E6303B035800CE2867 /* XiangshangYouth.xcodeproj */ = {isa = PBXFileReference; lastKnownFileType = "wrapper.pb-project"; path = XiangshangYouth.xcodeproj; sourceTree = "<group>"; };
		48F0CFCC303D49CE0028C0C8 /* XiangshangYouth.xcodeproj */ = {isa = PBXFileReference; lastKnownFileType = "wrapper.pb-project"; path = XiangshangYouth.xcodeproj; sourceTree = "<group>"; };
		48F0D0AA303FED110028C0C8 /* XiangshangYouth.xcodeproj */ = {isa = PBXFileReference; lastKnownFileType = "wrapper.pb-project"; path = XiangshangYouth.xcodeproj; sourceTree = "<group>"; };
		A1B2C3D4E5F6000000000003 /* XiangshangYouth.app */ = {isa = PBXFileReference; explicitFileType = wrapper.application; includeInIndex = 0; path = XiangshangYouth.app; sourceTree = BUILT_PRODUCTS_DIR; };
		B2C3D4E5F600000000000001 /* XiangshangYouthTests.xctest */ = {isa = PBXFileReference; explicitFileType = wrapper.cfbundle; includeInIndex = 0; path = XiangshangYouthTests.xctest; sourceTree = BUILT_PRODUCTS_DIR; };
		B2C3D4E5F600000000000002 /* ../XiangshangYouthTests/LocalFeatureStateTests.swift */ = {isa = PBXFileReference; lastKnownFileType = sourcecode.swift; path = ../XiangshangYouthTests/LocalFeatureStateTests.swift; sourceTree = SOURCE_ROOT; };
		C2C3D4E5F600000000000001 /* XiangshangYouthUITests.xctest */ = {isa = PBXFileReference; explicitFileType = wrapper.cfbundle; includeInIndex = 0; path = XiangshangYouthUITests.xctest; sourceTree = BUILT_PRODUCTS_DIR; };
		C2C3D4E5F600000000000002 /* ../XiangshangYouthUITests/LaunchAndRoleFlowTests.swift */ = {isa = PBXFileReference; lastKnownFileType = sourcecode.swift; path = ../XiangshangYouthUITests/LaunchAndRoleFlowTests.swift; sourceTree = SOURCE_ROOT; };
		D2C3D4E5F600000000000002 /* ../XiangshangYouthUITests/SplashScreenTests.swift */ = {isa = PBXFileReference; lastKnownFileType = sourcecode.swift; path = ../XiangshangYouthUITests/SplashScreenTests.swift; sourceTree = SOURCE_ROOT; };
/* End PBXFileReference section */

/* Begin PBXFileSystemSynchronizedBuildFileExceptionSet section */
		A1B2C3D4E5F600000000002 /* Exceptions for "" folder in "XiangshangYouth" target */ = {
			isa = PBXFileSystemSynchronizedBuildFileExceptionSet;
			membershipExceptions = (
				Info.plist,
			);
			target = A1B2C3D4E5F6000000000005 /* XiangshangYouth */;
		};
/* End PBXFileSystemSynchronizedBuildFileExceptionSet section */

/* Begin PBXFileSystemSynchronizedRootGroup section */
		A1B2C3D4E5F6000000000001 = {
			isa = PBXFileSystemSynchronizedRootGroup;
			exceptions = (
				A1B2C3D4E5F600000000002 /* Exceptions for "" folder in "XiangshangYouth" target */,
			);
			sourceTree = "<group>";
		};
/* End PBXFileSystemSynchronizedRootGroup section */

/* Begin PBXFrameworksBuildPhase section */
		A1B2C3D4E5F6000000000009 /* Frameworks */ = {
			isa = PBXFrameworksBuildPhase;
			buildActionMask = 2147483647;
			files = (
				48DDA398303B035800CE2867 /* Sentry in Frameworks */,
			);
			runOnlyForDeploymentPostprocessing = 0;
		};
		B2C3D4E5F600000000000009 /* Frameworks */ = {
			isa = PBXFrameworksBuildPhase;
			buildActionMask = 2147483647;
			files = (
			);
			runOnlyForDeploymentPostprocessing = 0;
		};
		C2C3D4E5F600000000000009 /* Frameworks */ = {
			isa = PBXFrameworksBuildPhase;
			buildActionMask = 2147483647;
			files = (
			);
			runOnlyForDeploymentPostprocessing = 0;
		};
/* End PBXFrameworksBuildPhase section */

/* Begin PBXGroup section */
		4815524E3021F73E00DFEF89 /* Products */ = {
			isa = PBXGroup;
			name = Products;
			sourceTree = "<group>";
		};
		4836804D3040761F00E4A48B /* Products */ = {
			isa = PBXGroup;
			name = Products;
			sourceTree = "<group>";
		};
		485C31A6303C561A00FCC7D1 /* Products */ = {
			isa = PBXGroup;
			name = Products;
			sourceTree = "<group>";
		};
		485C324D303CAA8A00FCC7D1 /* Products */ = {
			isa = PBXGroup;
			name = Products;
			sourceTree = "<group>";
		};
		485E1CB23020A9AC00AA1653 /* Products */ = {
			isa = PBXGroup;
			name = Products;
			sourceTree = "<group>";
		};
		48923D623036C53C005EC78E /* Products */ = {
			isa = PBXGroup;
			name = Products;
			sourceTree = "<group>";
		};
		48DDA3E8303B035800CE2867 /* Products */ = {
			isa = PBXGroup;
			name = Products;
			sourceTree = "<group>";
		};
		48F0CFCE303D49CE0028C0C8 /* Products */ = {
			isa = PBXGroup;
			name = Products;
			sourceTree = "<group>";
		};
		48F0D0AC303FED110028C0C8 /* Products */ = {
			isa = PBXGroup;
			name = Products;
			sourceTree = "<group>";
		};
		A1B2C3D4E5F6000000000002 /* Products */ = {
			isa = PBXGroup;
			children = (
				A1B2C3D4E5F6000000000003 /* XiangshangYouth.app */,
				B2C3D4E5F600000000000001 /* XiangshangYouthTests.xctest */,
				C2C3D4E5F600000000000001 /* XiangshangYouthUITests.xctest */,
			);
			name = Products;
			sourceTree = "<group>";
		};
		A1B2C3D4E5F6000000000007 = {
			isa = PBXGroup;
			children = (
				A1B2C3D4E5F6000000000001,
				B2C3D4E5F600000000000005 /* XiangshangYouthTests */,
				C2C3D4E5F600000000000005 /* XiangshangYouthUITests */,
				A1B2C3D4E5F6000000000002 /* Products */,
			);
			sourceTree = "<group>";
		};
		B2C3D4E5F600000000000005 /* XiangshangYouthTests */ = {
			isa = PBXGroup;
			children = (
				B2C3D4E5F600000000000002 /* ../XiangshangYouthTests/LocalFeatureStateTests.swift */,
			);
			path = XiangshangYouthTests;
			sourceTree = "<group>";
		};
		C2C3D4E5F600000000000005 /* XiangshangYouthUITests */ = {
			isa = PBXGroup;
			children = (
				C2C3D4E5F600000000000002 /* ../XiangshangYouthUITests/LaunchAndRoleFlowTests.swift */,
				D2C3D4E5F600000000000002 /* ../XiangshangYouthUITests/SplashScreenTests.swift */,
			);
			path = XiangshangYouthUITests;
			sourceTree = "<group>";
		};
/* End PBXGroup section */

/* Begin PBXNativeTarget section */
		A1B2C3D4E5F6000000000005 /* XiangshangYouth */ = {
			isa = PBXNativeTarget;
			buildConfigurationList = A1B2C3D4E5F6000000000011 /* Build configuration list for PBXNativeTarget "XiangshangYouth" */;
			buildPhases = (
				A1B2C3D4E5F6000000000008 /* Sources */,
				A1B2C3D4E5F6000000000009 /* Frameworks */,
				A1B2C3D4E5F6000000000010 /* Resources */,
				E1F2A3B4C5D6000000000001 /* Shared app assets */,
				E1F2A3B4C5D6000000000002 /* Release central-service configuration */,
			);
			buildRules = (
			);
			dependencies = (
			);
			fileSystemSynchronizedGroups = (
				A1B2C3D4E5F6000000000001,
			);
			name = XiangshangYouth;
			packageProductDependencies = (
				F1E2D3C4B5A6978877665545 /* Sentry */,
			);
			productName = XiangshangYouth;
			productReference = A1B2C3D4E5F6000000000003 /* XiangshangYouth.app */;
			productType = "com.apple.product-type.application";
		};
		B2C3D4E5F600000000000006 /* XiangshangYouthTests */ = {
			isa = PBXNativeTarget;
			buildConfigurationList = B2C3D4E5F600000000000007 /* Build configuration list for PBXNativeTarget "XiangshangYouthTests" */;
			buildPhases = (
				B2C3D4E5F600000000000008 /* Sources */,
				B2C3D4E5F600000000000009 /* Frameworks */,
			);
			buildRules = (
			);
			dependencies = (
				B2C3D4E5F600000000000010 /* PBXTargetDependency */,
			);
			name = XiangshangYouthTests;
			productName = XiangshangYouthTests;
			productReference = B2C3D4E5F600000000000001 /* XiangshangYouthTests.xctest */;
			productType = "com.apple.product-type.bundle.unit-test";
		};
		C2C3D4E5F600000000000006 /* XiangshangYouthUITests */ = {
			isa = PBXNativeTarget;
			buildConfigurationList = C2C3D4E5F600000000000007 /* Build configuration list for PBXNativeTarget "XiangshangYouthUITests" */;
			buildPhases = (
				C2C3D4E5F600000000000008 /* Sources */,
				C2C3D4E5F600000000000009 /* Frameworks */,
			);
			buildRules = (
			);
			dependencies = (
				C2C3D4E5F600000000000010 /* PBXTargetDependency */,
			);
			name = XiangshangYouthUITests;
			productName = XiangshangYouthUITests;
			productReference = C2C3D4E5F600000000000001 /* XiangshangYouthUITests.xctest */;
			productType = "com.apple.product-type.bundle.ui-testing";
		};
/* End PBXNativeTarget section */

/* Begin PBXProject section */
		A1B2C3D4E5F6000000000004 /* Project object */ = {
			isa = PBXProject;
			attributes = {
				BuildIndependentTargetsInParallel = 1;
				LastSwiftUpdateCheck = 2600;
				LastUpgradeCheck = 2600;
				TargetAttributes = {
					A1B2C3D4E5F6000000000005 = {
						CreatedOnToolsVersion = 26.0;
					};
				};
			};
			buildConfigurationList = A1B2C3D4E5F6000000000006 /* Build configuration list for PBXProject "XiangshangYouth" */;
			developmentRegion = "zh-Hans";
			hasScannedForEncodings = 0;
			knownRegions = (
				"zh-Hans",
				en,
				Base,
			);
			mainGroup = A1B2C3D4E5F6000000000007;
			minimizedProjectReferenceProxies = 1;
			packageReferences = (
				F1E2D3C4B5A6978877665544 /* XCRemoteSwiftPackageReference "sentry-cocoa" */,
			);
			preferredProjectObjectVersion = 77;
			productRefGroup = A1B2C3D4E5F6000000000002 /* Products */;
			projectDirPath = "";
			projectReferences = (
				{
					ProductGroup = 4815524E3021F73E00DFEF89 /* Products */;
					ProjectRef = 4815524C3021F73E00DFEF89 /* XiangshangYouth.xcodeproj */;
				},
				{
					ProductGroup = 48923D623036C53C005EC78E /* Products */;
					ProjectRef = 48923D603036C53C005EC78E /* XiangshangYouth.xcodeproj */;
				},
				{
					ProductGroup = 485C31A6303C561A00FCC7D1 /* Products */;
					ProjectRef = 485C31A4303C561A00FCC7D1 /* XiangshangYouth.xcodeproj */;
				},
				{
					ProductGroup = 485C324D303CAA8A00FCC7D1 /* Products */;
					ProjectRef = 485C324B303CAA8A00FCC7D1 /* XiangshangYouth.xcodeproj */;
				},
				{
					ProductGroup = 48F0D0AC303FED110028C0C8 /* Products */;
					ProjectRef = 48F0D0AA303FED110028C0C8 /* XiangshangYouth.xcodeproj */;
				},
				{
					ProductGroup = 48DDA3E8303B035800CE2867 /* Products */;
					ProjectRef = 48DDA3E6303B035800CE2867 /* XiangshangYouth.xcodeproj */;
				},
				{
					ProductGroup = 48F0CFCE303D49CE0028C0C8 /* Products */;
					ProjectRef = 48F0CFCC303D49CE0028C0C8 /* XiangshangYouth.xcodeproj */;
				},
				{
					ProductGroup = 485E1CB23020A9AC00AA1653 /* Products */;
					ProjectRef = 485E1CB03020A9AC00AA1653 /* XiangshangYouth.xcodeproj */;
				},
				{
					ProductGroup = 4836804D3040761F00E4A48B /* Products */;
					ProjectRef = 4836804B3040761F00E4A48B /* XiangshangYouth.xcodeproj */;
				},
			);
			projectRoot = "";
			targets = (
				A1B2C3D4E5F6000000000005 /* XiangshangYouth */,
				B2C3D4E5F600000000000006 /* XiangshangYouthTests */,
				C2C3D4E5F600000000000006 /* XiangshangYouthUITests */,
			);
		};
/* End PBXProject section */

/* Begin PBXResourcesBuildPhase section */
		A1B2C3D4E5F6000000000010 /* Resources */ = {
			isa = PBXResourcesBuildPhase;
			buildActionMask = 2147483647;
			files = (
			);
			runOnlyForDeploymentPostprocessing = 0;
		};
/* End PBXResourcesBuildPhase section */

/* Begin PBXShellScriptBuildPhase section */
		E1F2A3B4C5D6000000000001 /* Shared app assets */ = {
			isa = PBXShellScriptBuildPhase;
			buildActionMask = 2147483647;
			files = (
			);
			inputPaths = (
				"$(SRCROOT)/../../android/app/src/main/assets/body_pose_capture_profiles.json",
				"$(SRCROOT)/../../android/app/src/main/assets/follow_along_action_profiles.json",
				"$(SRCROOT)/../../android/app/src/main/assets/user_service_agreement.txt",
				"$(SRCROOT)/../../android/app/src/main/assets/child_personal_information_protection.txt",
			);
			name = "Shared app assets";
			outputPaths = (
				"$(TARGET_BUILD_DIR)/$(UNLOCALIZED_RESOURCES_FOLDER_PATH)/body_pose_capture_profiles.json",
				"$(TARGET_BUILD_DIR)/$(UNLOCALIZED_RESOURCES_FOLDER_PATH)/follow_along_action_profiles.json",
				"$(TARGET_BUILD_DIR)/$(UNLOCALIZED_RESOURCES_FOLDER_PATH)/user_service_agreement.txt",
				"$(TARGET_BUILD_DIR)/$(UNLOCALIZED_RESOURCES_FOLDER_PATH)/child_personal_information_protection.txt",
			);
			runOnlyForDeploymentPostprocessing = 0;
			shellPath = /bin/sh;
			shellScript = "set -eu\nDEST_DIR=\"$TARGET_BUILD_DIR/$UNLOCALIZED_RESOURCES_FOLDER_PATH\"\nASSET_DIR=\"$SRCROOT/../../android/app/src/main/assets\"\nmkdir -p \"$DEST_DIR\"\nfor NAME in body_pose_capture_profiles follow_along_action_profiles; do\n  SOURCE=\"$ASSET_DIR/$NAME.json\"\n  if [ -f \"$SOURCE\" ]; then cp \"$SOURCE\" \"$DEST_DIR/$NAME.json\"; fi\ndone\nfor NAME in user_service_agreement child_personal_information_protection; do\n  SOURCE=\"$ASSET_DIR/$NAME.txt\"\n  if [ -f \"$SOURCE\" ]; then cp \"$SOURCE\" \"$DEST_DIR/$NAME.txt\"; fi\ndone\n";
		};
		E1F2A3B4C5D6000000000002 /* Release central-service configuration */ = {
			isa = PBXShellScriptBuildPhase;
			buildActionMask = 2147483647;
			files = (
			);
			inputPaths = (
			);
			name = "Release central-service configuration";
			outputPaths = (
				"$(DERIVED_FILE_DIR)/central-service-configuration.stamp",
			);
			runOnlyForDeploymentPostprocessing = 0;
			shellPath = /bin/sh;
			shellScript = "set -eu\nSTAMP=\"$DERIVED_FILE_DIR/central-service-configuration.stamp\"\nmkdir -p \"$(dirname \"$STAMP\")\"\ntouch \"$STAMP\"\nif [ \"$CONFIGURATION\" != \"Release\" ]; then exit 0; fi\ncase \"$API_BASE_URL\" in\n  https://*) ;;\n  *) echo \"error: Release requires API_BASE_URL=https://<central-service>/\" >&2; exit 1 ;;\nesac\ncase \"$API_BASE_URL\" in\n  https://api.example.com|https://api.example.com/) echo \"error: Release cannot use the placeholder API_BASE_URL\" >&2; exit 1 ;;\nesac\nif [ \"$USE_REMOTE_DATA_SOURCE\" != \"1\" ]; then\n  echo \"error: Release requires USE_REMOTE_DATA_SOURCE=1\" >&2\n  exit 1\nfi\n";
		};
/* End PBXShellScriptBuildPhase section */

/* Begin PBXSourcesBuildPhase section */
		A1B2C3D4E5F6000000000008 /* Sources */ = {
			isa = PBXSourcesBuildPhase;
			buildActionMask = 2147483647;
			files = (
			);
			runOnlyForDeploymentPostprocessing = 0;
		};
		B2C3D4E5F600000000000008 /* Sources */ = {
			isa = PBXSourcesBuildPhase;
			buildActionMask = 2147483647;
			files = (
				B2C3D4E5F600000000000003 /* ../XiangshangYouthTests/LocalFeatureStateTests.swift in Sources */,
			);
			runOnlyForDeploymentPostprocessing = 0;
		};
		C2C3D4E5F600000000000008 /* Sources */ = {
			isa = PBXSourcesBuildPhase;
			buildActionMask = 2147483647;
			files = (
				C2C3D4E5F600000000000003 /* ../XiangshangYouthUITests/LaunchAndRoleFlowTests.swift in Sources */,
				D2C3D4E5F600000000000003 /* ../XiangshangYouthUITests/SplashScreenTests.swift in Sources */,
			);
			runOnlyForDeploymentPostprocessing = 0;
		};
/* End PBXSourcesBuildPhase section */

/* Begin PBXTargetDependency section */
		B2C3D4E5F600000000000010 /* PBXTargetDependency */ = {
			isa = PBXTargetDependency;
			target = A1B2C3D4E5F6000000000005 /* XiangshangYouth */;
			targetProxy = B2C3D4E5F600000000000004 /* PBXContainerItemProxy */;
		};
		C2C3D4E5F600000000000010 /* PBXTargetDependency */ = {
			isa = PBXTargetDependency;
			target = A1B2C3D4E5F6000000000005 /* XiangshangYouth */;
			targetProxy = C2C3D4E5F600000000000004 /* PBXContainerItemProxy */;
		};
/* End PBXTargetDependency section */

/* Begin XCBuildConfiguration section */
		A1B2C3D4E5F6000000000012 /* Debug */ = {
			isa = XCBuildConfiguration;
			buildSettings = {
				ALWAYS_SEARCH_USER_PATHS = NO;
				API_BASE_URL = "https://api.risingteen.com/";
				CLANG_ENABLE_MODULES = YES;
				CLANG_ENABLE_OBJC_ARC = YES;
				GCC_C_LANGUAGE_STANDARD = gnu17;
				ONLY_ACTIVE_ARCH = YES;
				SWIFT_OPTIMIZATION_LEVEL = "-Onone";
				SWIFT_VERSION = 5.0;
				USE_REMOTE_DATA_SOURCE = 0;
			};
			name = Debug;
		};
		A1B2C3D4E5F6000000000013 /* Release */ = {
			isa = XCBuildConfiguration;
			buildSettings = {
				ALWAYS_SEARCH_USER_PATHS = NO;
				API_BASE_URL = "https://api.risingteen.com/";
				CLANG_ENABLE_MODULES = YES;
				CLANG_ENABLE_OBJC_ARC = YES;
				GCC_C_LANGUAGE_STANDARD = gnu17;
				SWIFT_VERSION = 5.0;
				USE_REMOTE_DATA_SOURCE = 1;
			};
			name = Release;
		};
		A1B2C3D4E5F6000000000014 /* Debug */ = {
			isa = XCBuildConfiguration;
			buildSettings = {
				API_BASE_URL = "https://api.risingteen.com/";
				ASSETCATALOG_COMPILER_APPICON_NAME = AppIcon;
				CODE_SIGN_STYLE = Automatic;
				CURRENT_PROJECT_VERSION = 1;
				DEVELOPMENT_TEAM = ATVJ3LFYM7;
				ENABLE_PREVIEWS = YES;
				ENABLE_TESTABILITY = YES;
				INFOPLIST_FILE = Info.plist;
				INFOPLIST_KEY_CFBundleDisplayName = "向上少年";
				INFOPLIST_KEY_LSApplicationQueriesSchemes = weixin;
				INFOPLIST_KEY_UILaunchStoryboardName = LaunchScreen;
				IPHONEOS_DEPLOYMENT_TARGET = 17.0;
				MARKETING_VERSION = 1.0;
				PRODUCT_BUNDLE_IDENTIFIER = com.xiangshang.youth;
				PRODUCT_NAME = "$(TARGET_NAME)";
				RELEASE_CHANNEL = development;
				ROLLOUT_CONFIG_URL = "";
				SDKROOT = iphoneos;
				SENTRY_DSN = "";
				SUPPORTED_PLATFORMS = "iphoneos iphonesimulator";
				SUPPORTS_MACCATALYST = NO;
				SWIFT_EMIT_LOC_STRINGS = YES;
				SWIFT_VERSION = 5.0;
				TARGETED_DEVICE_FAMILY = "1,2";
				USE_REMOTE_DATA_SOURCE = 0;
			};
			name = Debug;
		};
		A1B2C3D4E5F6000000000015 /* Release */ = {
			isa = XCBuildConfiguration;
			buildSettings = {
				API_BASE_URL = "https://api.risingteen.com/";
				ASSETCATALOG_COMPILER_APPICON_NAME = AppIcon;
				CODE_SIGN_STYLE = Automatic;
				CURRENT_PROJECT_VERSION = 1;
				DEVELOPMENT_TEAM = ATVJ3LFYM7;
				ENABLE_PREVIEWS = YES;
				INFOPLIST_FILE = Info.plist;
				INFOPLIST_KEY_CFBundleDisplayName = "向上少年";
				INFOPLIST_KEY_LSApplicationQueriesSchemes = weixin;
				INFOPLIST_KEY_UILaunchStoryboardName = LaunchScreen;
				IPHONEOS_DEPLOYMENT_TARGET = 17.0;
				MARKETING_VERSION = 1.0;
				PRODUCT_BUNDLE_IDENTIFIER = com.xiangshang.youth;
				PRODUCT_NAME = "$(TARGET_NAME)";
				RELEASE_CHANNEL = pilot;
				ROLLOUT_CONFIG_URL = "";
				SDKROOT = iphoneos;
				SENTRY_DSN = "";
				SUPPORTED_PLATFORMS = "iphoneos iphonesimulator";
				SUPPORTS_MACCATALYST = NO;
				SWIFT_EMIT_LOC_STRINGS = YES;
				SWIFT_VERSION = 5.0;
				TARGETED_DEVICE_FAMILY = "1,2";
				USE_REMOTE_DATA_SOURCE = 1;
			};
			name = Release;
		};
		B2C3D4E5F600000000000011 /* Debug */ = {
			isa = XCBuildConfiguration;
			buildSettings = {
				BUNDLE_LOADER = "$(TEST_HOST)";
				CODE_SIGN_STYLE = Automatic;
				DEVELOPMENT_TEAM = ATVJ3LFYM7;
				GENERATE_INFOPLIST_FILE = YES;
				IPHONEOS_DEPLOYMENT_TARGET = 17.0;
				PRODUCT_BUNDLE_IDENTIFIER = com.xiangshang.youth.tests;
				PRODUCT_NAME = "$(TARGET_NAME)";
				SDKROOT = iphoneos;
				SWIFT_VERSION = 5.0;
				TARGETED_DEVICE_FAMILY = "1,2";
				TEST_HOST = "$(BUILT_PRODUCTS_DIR)/XiangshangYouth.app/$(BUNDLE_EXECUTABLE_FOLDER_PATH)/XiangshangYouth";
			};
			name = Debug;
		};
		B2C3D4E5F600000000000012 /* Release */ = {
			isa = XCBuildConfiguration;
			buildSettings = {
				BUNDLE_LOADER = "$(TEST_HOST)";
				CODE_SIGN_STYLE = Automatic;
				DEVELOPMENT_TEAM = ATVJ3LFYM7;
				GENERATE_INFOPLIST_FILE = YES;
				IPHONEOS_DEPLOYMENT_TARGET = 17.0;
				PRODUCT_BUNDLE_IDENTIFIER = com.xiangshang.youth.tests;
				PRODUCT_NAME = "$(TARGET_NAME)";
				SDKROOT = iphoneos;
				SWIFT_VERSION = 5.0;
				TARGETED_DEVICE_FAMILY = "1,2";
				TEST_HOST = "$(BUILT_PRODUCTS_DIR)/XiangshangYouth.app/$(BUNDLE_EXECUTABLE_FOLDER_PATH)/XiangshangYouth";
			};
			name = Release;
		};
		C2C3D4E5F600000000000011 /* Debug */ = {
			isa = XCBuildConfiguration;
			buildSettings = {
				CODE_SIGN_STYLE = Automatic;
				DEVELOPMENT_TEAM = ATVJ3LFYM7;
				GENERATE_INFOPLIST_FILE = YES;
				IPHONEOS_DEPLOYMENT_TARGET = 17.0;
				PRODUCT_BUNDLE_IDENTIFIER = com.xiangshang.youth.uitests;
				PRODUCT_NAME = "$(TARGET_NAME)";
				SDKROOT = iphoneos;
				SWIFT_VERSION = 5.0;
				TARGETED_DEVICE_FAMILY = "1,2";
				TEST_TARGET_NAME = XiangshangYouth;
			};
			name = Debug;
		};
		C2C3D4E5F600000000000012 /* Release */ = {
			isa = XCBuildConfiguration;
			buildSettings = {
				CODE_SIGN_STYLE = Automatic;
				DEVELOPMENT_TEAM = ATVJ3LFYM7;
				GENERATE_INFOPLIST_FILE = YES;
				IPHONEOS_DEPLOYMENT_TARGET = 17.0;
				PRODUCT_BUNDLE_IDENTIFIER = com.xiangshang.youth.uitests;
				PRODUCT_NAME = "$(TARGET_NAME)";
				SDKROOT = iphoneos;
				SWIFT_VERSION = 5.0;
				TARGETED_DEVICE_FAMILY = "1,2";
				TEST_TARGET_NAME = XiangshangYouth;
			};
			name = Release;
		};
/* End XCBuildConfiguration section */

/* Begin XCConfigurationList section */
		A1B2C3D4E5F6000000000006 /* Build configuration list for PBXProject "XiangshangYouth" */ = {
			isa = XCConfigurationList;
			buildConfigurations = (
				A1B2C3D4E5F6000000000012 /* Debug */,
				A1B2C3D4E5F6000000000013 /* Release */,
			);
			defaultConfigurationIsVisible = 0;
			defaultConfigurationName = Release;
		};
		A1B2C3D4E5F6000000000011 /* Build configuration list for PBXNativeTarget "XiangshangYouth" */ = {
			isa = XCConfigurationList;
			buildConfigurations = (
				A1B2C3D4E5F6000000000014 /* Debug */,
				A1B2C3D4E5F6000000000015 /* Release */,
			);
			defaultConfigurationIsVisible = 0;
			defaultConfigurationName = Release;
		};
		B2C3D4E5F600000000000007 /* Build configuration list for PBXNativeTarget "XiangshangYouthTests" */ = {
			isa = XCConfigurationList;
			buildConfigurations = (
				B2C3D4E5F600000000000011 /* Debug */,
				B2C3D4E5F600000000000012 /* Release */,
			);
			defaultConfigurationIsVisible = 0;
			defaultConfigurationName = Release;
		};
		C2C3D4E5F600000000000007 /* Build configuration list for PBXNativeTarget "XiangshangYouthUITests" */ = {
			isa = XCConfigurationList;
			buildConfigurations = (
				C2C3D4E5F600000000000011 /* Debug */,
				C2C3D4E5F600000000000012 /* Release */,
			);
			defaultConfigurationIsVisible = 0;
			defaultConfigurationName = Release;
		};
/* End XCConfigurationList section */

/* Begin XCRemoteSwiftPackageReference section */
		F1E2D3C4B5A6978877665544 /* XCRemoteSwiftPackageReference "sentry-cocoa" */ = {
			isa = XCRemoteSwiftPackageReference;
			repositoryURL = "https://github.com/getsentry/sentry-cocoa.git";
			requirement = {
				kind = upToNextMajorVersion;
				minimumVersion = 8.30.0;
			};
		};
/* End XCRemoteSwiftPackageReference section */

/* Begin XCSwiftPackageProductDependency section */
		F1E2D3C4B5A6978877665545 /* Sentry */ = {
			isa = XCSwiftPackageProductDependency;
			package = F1E2D3C4B5A6978877665544 /* XCRemoteSwiftPackageReference "sentry-cocoa" */;
			productName = Sentry;
		};
/* End XCSwiftPackageProductDependency section */
	};
	rootObject = A1B2C3D4E5F6000000000004 /* Project object */;
}
